// !$*UTF8*$!
{
	archiveVersion = 1;
	classes = {
	};
	objectVersion = 55;
	objects = {

/* Begin PBXBuildFile section */
		889E7043287F6E50000AA927 /* AppDelegate.swift in Sources */ = {isa = PBXBuildFile; fileRef = 889E7042287F6E50000AA927 /* AppDelegate.swift */; };
		889E7047287F6E50000AA927 /* Main.html in Resources */ = {isa = PBXBuildFile; fileRef = 889E7045287F6E50000AA927 /* Main.html */; };
		889E7049287F6E50000AA927 /* Icon.png in Resources */ = {isa = PBXBuildFile; fileRef = 889E7048287F6E50000AA927 /* Icon.png */; };
		889E704B287F6E50000AA927 /* Style.css in Resources */ = {isa = PBXBuildFile; fileRef = 889E704A287F6E50000AA927 /* Style.css */; };
		889E704D287F6E50000AA927 /* Script.js in Resources */ = {isa = PBXBuildFile; fileRef = 889E704C287F6E50000AA927 /* Script.js */; };
		889E704F287F6E50000AA927 /* ViewController.swift in Sources */ = {isa = PBXBuildFile; fileRef = 889E704E287F6E50000AA927 /* ViewController.swift */; };
		889E7052287F6E50000AA927 /* Main.storyboard in Resources */ = {isa = PBXBuildFile; fileRef = 889E7050287F6E50000AA927 /* Main.storyboard */; };
		889E7054287F6E51000AA927 /* Assets.xcassets in Resources */ = {isa = PBXBuildFile; fileRef = 889E7053287F6E51000AA927 /* Assets.xcassets */; };
		889E7060287F6E51000AA927 /* KeyperTests.swift in Sources */ = {isa = PBXBuildFile; fileRef = 889E705F287F6E51000AA927 /* KeyperTests.swift */; };
		889E706A287F6E51000AA927 /* KeyperUITests.swift in Sources */ = {isa = PBXBuildFile; fileRef = 889E7069287F6E51000AA927 /* KeyperUITests.swift */; };
		889E706C287F6E51000AA927 /* KeyperUITestsLaunchTests.swift in Sources */ = {isa = PBXBuildFile; fileRef = 889E706B287F6E51000AA927 /* KeyperUITestsLaunchTests.swift */; };
		889E7072287F6E51000AA927 /* Keyper Extension.appex in Embed App Extensions */ = {isa = PBXBuildFile; fileRef = 889E7071287F6E51000AA927 /* Keyper Extension.appex */; settings = {ATTRIBUTES = (RemoveHeadersOnCopy, ); }; };
		889E7077287F6E51000AA927 /* SafariWebExtensionHandler.swift in Sources */ = {isa = PBXBuildFile; fileRef = 889E7076287F6E51000AA927 /* SafariWebExtensionHandler.swift */; };
		889E707A287F6E51000AA927 /* _locales in Resources */ = {isa = PBXBuildFile; fileRef = 889E7079287F6E51000AA927 /* _locales */; };
		889E707C287F6E51000AA927 /* images in Resources */ = {isa = PBXBuildFile; fileRef = 889E707B287F6E51000AA927 /* images */; };
		889E707E287F6E51000AA927 /* manifest.json in Resources */ = {isa = PBXBuildFile; fileRef = 889E707D287F6E51000AA927 /* manifest.json */; };
		889E7080287F6E51000AA927 /* background.js in Resources */ = {isa = PBXBuildFile; fileRef = 889E707F287F6E51000AA927 /* background.js */; };
		889E7082287F6E51000AA927 /* content.js in Resources */ = {isa = PBXBuildFile; fileRef = 889E7081287F6E51000AA927 /* content.js */; };
		889E7084287F6E51000AA927 /* popup.html in Resources */ = {isa = PBXBuildFile; fileRef = 889E7083287F6E51000AA927 /* popup.html */; };
		889E7086287F6E51000AA927 /* popup.css in Resources */ = {isa = PBXBuildFile; fileRef = 889E7085287F6E51000AA927 /* popup.css */; };
		889E7088287F6E51000AA927 /* popup.js in Resources */ = {isa = PBXBuildFile; fileRef = 889E7087287F6E51000AA927 /* popup.js */; };
/* End PBXBuildFile section */

/* Begin PBXContainerItemProxy section */
		889E705C287F6E51000AA927 /* PBXContainerItemProxy */ = {
			isa = PBXContainerItemProxy;
			containerPortal = 889E7037287F6E50000AA927 /* Project object */;
			proxyType = 1;
			remoteGlobalIDString = 889E703E287F6E50000AA927;
			remoteInfo = Keyper;
		};
		889E7066287F6E51000AA927 /* PBXContainerItemProxy */ = {
			isa = PBXContainerItemProxy;
			containerPortal = 889E7037287F6E50000AA927 /* Project object */;
			proxyType = 1;
			remoteGlobalIDString = 889E703E287F6E50000AA927;
			remoteInfo = Keyper;
		};
		889E7073287F6E51000AA927 /* PBXContainerItemProxy */ = {
			isa = PBXContainerItemProxy;
			containerPortal = 889E7037287F6E50000AA927 /* Project object */;
			proxyType = 1;
			remoteGlobalIDString = 889E7070287F6E51000AA927;
			remoteInfo = "Keyper Extension";
		};
/* End PBXContainerItemProxy section */

/* Begin PBXCopyFilesBuildPhase section */
		889E7090287F6E51000AA927 /* Embed App Extensions */ = {
			isa = PBXCopyFilesBuildPhase;
			buildActionMask = 2147483647;
			dstPath = "";
			dstSubfolderSpec = 13;
			files = (
				889E7072287F6E51000AA927 /* Keyper Extension.appex in Embed App Extensions */,
			);
			name = "Embed App Extensions";
			runOnlyForDeploymentPostprocessing = 0;
		};
/* End PBXCopyFilesBuildPhase section */

/* Begin PBXFileReference section */
		889E703F287F6E50000AA927 /* Keyper.app */ = {isa = PBXFileReference; explicitFileType = wrapper.application; includeInIndex = 0; path = Keyper.app; sourceTree = BUILT_PRODUCTS_DIR; };
		889E7042287F6E50000AA927 /* AppDelegate.swift */ = {isa = PBXFileReference; lastKnownFileType = sourcecode.swift; path = AppDelegate.swift; sourceTree = "<group>"; };
		889E7046287F6E50000AA927 /* Base */ = {isa = PBXFileReference; lastKnownFileType = text.html; name = Base; path = ../Base.lproj/Main.html; sourceTree = "<group>"; };
		889E7048287F6E50000AA927 /* Icon.png */ = {isa = PBXFileReference; lastKnownFileType = image.png; path = Icon.png; sourceTree = "<group>"; };
		889E704A287F6E50000AA927 /* Style.css */ = {isa = PBXFileReference; lastKnownFileType = text.css; path = Style.css; sourceTree = "<group>"; };
		889E704C287F6E50000AA927 /* Script.js */ = {isa = PBXFileReference; lastKnownFileType = sourcecode.javascript; path = Script.js; sourceTree = "<group>"; };
		889E704E287F6E50000AA927 /* ViewController.swift */ = {isa = PBXFileReference; lastKnownFileType = sourcecode.swift; path = ViewController.swift; sourceTree = "<group>"; };
		889E7051287F6E50000AA927 /* Base */ = {isa = PBXFileReference; lastKnownFileType = file.storyboard; name = Base; path = Base.lproj/Main.storyboard; sourceTree = "<group>"; };
		889E7053287F6E51000AA927 /* Assets.xcassets */ = {isa = PBXFileReference; lastKnownFileType = folder.assetcatalog; path = Assets.xcassets; sourceTree = "<group>"; };
		889E7055287F6E51000AA927 /* Keyper.entitlements */ = {isa = PBXFileReference; lastKnownFileType = text.plist.entitlements; path = Keyper.entitlements; sourceTree = "<group>"; };
		889E7056287F6E51000AA927 /* Keyper.entitlements */ = {isa = PBXFileReference; lastKnownFileType = text.plist.entitlements; path = Keyper.entitlements; sourceTree = "<group>"; };
		889E705B287F6E51000AA927 /* KeyperTests.xctest */ = {isa = PBXFileReference; explicitFileType = wrapper.cfbundle; includeInIndex = 0; path = KeyperTests.xctest; sourceTree = BUILT_PRODUCTS_DIR; };
		889E705F287F6E51000AA927 /* KeyperTests.swift */ = {isa = PBXFileReference; lastKnownFileType = sourcecode.swift; path = KeyperTests.swift; sourceTree = "<group>"; };
		889E7065287F6E51000AA927 /* KeyperUITests.xctest */ = {isa = PBXFileReference; explicitFileType = wrapper.cfbundle; includeInIndex = 0; path = KeyperUITests.xctest; sourceTree = BUILT_PRODUCTS_DIR; };
		889E7069287F6E51000AA927 /* KeyperUITests.swift */ = {isa = PBXFileReference; lastKnownFileType = sourcecode.swift; path = KeyperUITests.swift; sourceTree = "<group>"; };
		889E706B287F6E51000AA927 /* KeyperUITestsLaunchTests.swift */ = {isa = PBXFileReference; lastKnownFileType = sourcecode.swift; path = KeyperUITestsLaunchTests.swift; sourceTree = "<group>"; };
		889E7071287F6E51000AA927 /* Keyper Extension.appex */ = {isa = PBXFileReference; explicitFileType = "wrapper.app-extension"; includeInIndex = 0; path = "Keyper Extension.appex"; sourceTree = BUILT_PRODUCTS_DIR; };
		889E7076287F6E51000AA927 /* SafariWebExtensionHandler.swift */ = {isa = PBXFileReference; lastKnownFileType = sourcecode.swift; path = SafariWebExtensionHandler.swift; sourceTree = "<group>"; };
		889E7079287F6E51000AA927 /* _locales */ = {isa = PBXFileReference; lastKnownFileType = folder; path = _locales; sourceTree = "<group>"; };
		889E707B287F6E51000AA927 /* images */ = {isa = PBXFileReference; lastKnownFileType = folder; path = images; sourceTree = "<group>"; };
		889E707D287F6E51000AA927 /* manifest.json */ = {isa = PBXFileReference; lastKnownFileType = text.json; path = manifest.json; sourceTree = "<group>"; };
		889E707F287F6E51000AA927 /* background.js */ = {isa = PBXFileReference; lastKnownFileType = sourcecode.javascript; path = background.js; sourceTree = "<group>"; };
		889E7081287F6E51000AA927 /* content.js */ = {isa = PBXFileReference; lastKnownFileType = sourcecode.javascript; path = content.js; sourceTree = "<group>"; };
		889E7083287F6E51000AA927 /* popup.html */ = {isa = PBXFileReference; lastKnownFileType = text.html; path = popup.html; sourceTree = "<group>"; };
		889E7085287F6E51000AA927 /* popup.css */ = {isa = PBXFileReference; lastKnownFileType = text.css; path = popup.css; sourceTree = "<group>"; };
		889E7087287F6E51000AA927 /* popup.js */ = {isa = PBXFileReference; lastKnownFileType = sourcecode.javascript; path = popup.js; sourceTree = "<group>"; };
		889E7089287F6E51000AA927 /* Info.plist */ = {isa = PBXFileReference; lastKnownFileType = text.plist.xml; path = Info.plist; sourceTree = "<group>"; };
		889E708A287F6E51000AA927 /* Keyper_Extension.entitlements */ = {isa = PBXFileReference; lastKnownFileType = text.plist.entitlements; path = Keyper_Extension.entitlements; sourceTree = "<group>"; };
/* End PBXFileReference section */

/* Begin PBXFrameworksBuildPhase section */
		889E703C287F6E50000AA927 /* Frameworks */ = {
			isa = PBXFrameworksBuildPhase;
			buildActionMask = 2147483647;
			files = (
			);
			runOnlyForDeploymentPostprocessing = 0;
		};
		889E7058287F6E51000AA927 /* Frameworks */ = {
			isa = PBXFrameworksBuildPhase;
			buildActionMask = 2147483647;
			files = (
			);
			runOnlyForDeploymentPostprocessing = 0;
		};
		889E7062287F6E51000AA927 /* Frameworks */ = {
			isa = PBXFrameworksBuildPhase;
			buildActionMask = 2147483647;
			files = (
			);
			runOnlyForDeploymentPostprocessing = 0;
		};
		889E706E287F6E51000AA927 /* Frameworks */ = {
			isa = PBXFrameworksBuildPhase;
			buildActionMask = 2147483647;
			files = (
			);
			runOnlyForDeploymentPostprocessing = 0;
		};
/* End PBXFrameworksBuildPhase section */

/* Begin PBXGroup section */
		889E7036287F6E50000AA927 = {
			isa = PBXGroup;
			children = (
				889E7041287F6E50000AA927 /* Keyper */,
				889E705E287F6E51000AA927 /* KeyperTests */,
				889E7068287F6E51000AA927 /* KeyperUITests */,
				889E7075287F6E51000AA927 /* Keyper Extension */,
				889E7040287F6E50000AA927 /* Products */,
			);
			sourceTree = "<group>";
		};
		889E7040287F6E50000AA927 /* Products */ = {
			isa = PBXGroup;
			children = (
				889E703F287F6E50000AA927 /* Keyper.app */,
				889E705B287F6E51000AA927 /* KeyperTests.xctest */,
				889E7065287F6E51000AA927 /* KeyperUITests.xctest */,
				889E7071287F6E51000AA927 /* Keyper Extension.appex */,
			);
			name = Products;
			sourceTree = "<group>";
		};
		889E7041287F6E50000AA927 /* Keyper */ = {
			isa = PBXGroup;
			children = (
				889E7042287F6E50000AA927 /* AppDelegate.swift */,
				889E704E287F6E50000AA927 /* ViewController.swift */,
				889E7050287F6E50000AA927 /* Main.storyboard */,
				889E7053287F6E51000AA927 /* Assets.xcassets */,
				889E7055287F6E51000AA927 /* Keyper.entitlements */,
				889E7056287F6E51000AA927 /* Keyper.entitlements */,
				889E7044287F6E50000AA927 /* Resources */,
			);
			path = Keyper;
			sourceTree = "<group>";
		};
		889E7044287F6E50000AA927 /* Resources */ = {
			isa = PBXGroup;
			children = (
				889E7045287F6E50000AA927 /* Main.html */,
				889E7048287F6E50000AA927 /* Icon.png */,
				889E704A287F6E50000AA927 /* Style.css */,
				889E704C287F6E50000AA927 /* Script.js */,
			);
			path = Resources;
			sourceTree = "<group>";
		};
		889E705E287F6E51000AA927 /* KeyperTests */ = {
			isa = PBXGroup;
			children = (
				889E705F287F6E51000AA927 /* KeyperTests.swift */,
			);
			path = KeyperTests;
			sourceTree = "<group>";
		};
		889E7068287F6E51000AA927 /* KeyperUITests */ = {
			isa = PBXGroup;
			children = (
				889E7069287F6E51000AA927 /* KeyperUITests.swift */,
				889E706B287F6E51000AA927 /* KeyperUITestsLaunchTests.swift */,
			);
			path = KeyperUITests;
			sourceTree = "<group>";
		};
		889E7075287F6E51000AA927 /* Keyper Extension */ = {
			isa = PBXGroup;
			children = (
				889E7076287F6E51000AA927 /* SafariWebExtensionHandler.swift */,
				889E7089287F6E51000AA927 /* Info.plist */,
				889E708A287F6E51000AA927 /* Keyper_Extension.entitlements */,
				889E7078287F6E51000AA927 /* Resources */,
			);
			path = "Keyper Extension";
			sourceTree = "<group>";
		};
		889E7078287F6E51000AA927 /* Resources */ = {
			isa = PBXGroup;
			children = (
				889E7079287F6E51000AA927 /* _locales */,
				889E707B287F6E51000AA927 /* images */,
				889E707D287F6E51000AA927 /* manifest.json */,
				889E707F287F6E51000AA927 /* background.js */,
				889E7081287F6E51000AA927 /* content.js */,
				889E7083287F6E51000AA927 /* popup.html */,
				889E7085287F6E51000AA927 /* popup.css */,
				889E7087287F6E51000AA927 /* popup.js */,
			);
			path = Resources;
			sourceTree = "<group>";
		};
/* End PBXGroup section */

/* Begin PBXNativeTarget section */
		889E703E287F6E50000AA927 /* Keyper */ = {
			isa = PBXNativeTarget;
			buildConfigurationList = 889E7091287F6E51000AA927 /* Build configuration list for PBXNativeTarget "Keyper" */;
			buildPhases = (
				889E703B287F6E50000AA927 /* Sources */,
				889E703C287F6E50000AA927 /* Frameworks */,
				889E703D287F6E50000AA927 /* Resources */,
				889E7090287F6E51000AA927 /* Embed App Extensions */,
			);
			buildRules = (
			);
			dependencies = (
				889E7074287F6E51000AA927 /* PBXTargetDependency */,
			);
			name = Keyper;
			productName = Keyper;
			productReference = 889E703F287F6E50000AA927 /* Keyper.app */;
			productType = "com.apple.product-type.application";
		};
		889E705A287F6E51000AA927 /* KeyperTests */ = {
			isa = PBXNativeTarget;
			buildConfigurationList = 889E7094287F6E51000AA927 /* Build configuration list for PBXNativeTarget "KeyperTests" */;
			buildPhases = (
				889E7057287F6E51000AA927 /* Sources */,
				889E7058287F6E51000AA927 /* Frameworks */,
				889E7059287F6E51000AA927 /* Resources */,
			);
			buildRules = (
			);
			dependencies = (
				889E705D287F6E51000AA927 /* PBXTargetDependency */,
			);
			name = KeyperTests;
			productName = KeyperTests;
			productReference = 889E705B287F6E51000AA927 /* KeyperTests.xctest */;
			productType = "com.apple.product-type.bundle.unit-test";
		};
		889E7064287F6E51000AA927 /* KeyperUITests */ = {
			isa = PBXNativeTarget;
			buildConfigurationList = 889E7097287F6E51000AA927 /* Build configuration list for PBXNativeTarget "KeyperUITests" */;
			buildPhases = (
				889E7061287F6E51000AA927 /* Sources */,
				889E7062287F6E51000AA927 /* Frameworks */,
				889E7063287F6E51000AA927 /* Resources */,
			);
			buildRules = (
			);
			dependencies = (
				889E7067287F6E51000AA927 /* PBXTargetDependency */,
			);
			name = KeyperUITests;
			productName = KeyperUITests;
			productReference = 889E7065287F6E51000AA927 /* KeyperUITests.xctest */;
			productType = "com.apple.product-type.bundle.ui-testing";
		};
		889E7070287F6E51000AA927 /* Keyper Extension */ = {
			isa = PBXNativeTarget;
			buildConfigurationList = 889E708D287F6E51000AA927 /* Build configuration list for PBXNativeTarget "Keyper Extension" */;
			buildPhases = (
				889E706D287F6E51000AA927 /* Sources */,
				889E706E287F6E51000AA927 /* Frameworks */,
				889E706F287F6E51000AA927 /* Resources */,
			);
			buildRules = (
			);
			dependencies = (
			);
			name = "Keyper Extension";
			productName = "Keyper Extension";
			productReference = 889E7071287F6E51000AA927 /* Keyper Extension.appex */;
			productType = "com.apple.product-type.app-extension";
		};
/* End PBXNativeTarget section */

/* Begin PBXProject section */
		889E7037287F6E50000AA927 /* Project object */ = {
			isa = PBXProject;
			attributes = {
				BuildIndependentTargetsInParallel = 1;
				LastSwiftUpdateCheck = 1340;
				LastUpgradeCheck = 1340;
				TargetAttributes = {
					889E703E287F6E50000AA927 = {
						CreatedOnToolsVersion = 13.4;
					};
					889E705A287F6E51000AA927 = {
						CreatedOnToolsVersion = 13.4;
						TestTargetID = 889E703E287F6E50000AA927;
					};
					889E7064287F6E51000AA927 = {
						CreatedOnToolsVersion = 13.4;
						TestTargetID = 889E703E287F6E50000AA927;
					};
					889E7070287F6E51000AA927 = {
						CreatedOnToolsVersion = 13.4;
					};
				};
			};
			buildConfigurationList = 889E703A287F6E50000AA927 /* Build configuration list for PBXProject "Keyper" */;
			compatibilityVersion = "Xcode 13.0";
			developmentRegion = en;
			hasScannedForEncodings = 0;
			knownRegions = (
				en,
				Base,
			);
			mainGroup = 889E7036287F6E50000AA927;
			productRefGroup = 889E7040287F6E50000AA927 /* Products */;
			projectDirPath = "";
			projectRoot = "";
			targets = (
				889E703E287F6E50000AA927 /* Keyper */,
				889E705A287F6E51000AA927 /* KeyperTests */,
				889E7064287F6E51000AA927 /* KeyperUITests */,
				889E7070287F6E51000AA927 /* Keyper Extension */,
			);
		};
/* End PBXProject section */

/* Begin PBXResourcesBuildPhase section */
		889E703D287F6E50000AA927 /* Resources */ = {
			isa = PBXResourcesBuildPhase;
			buildActionMask = 2147483647;
			files = (
				889E7049287F6E50000AA927 /* Icon.png in Resources */,
				889E7052287F6E50000AA927 /* Main.storyboard in Resources */,
				889E704D287F6E50000AA927 /* Script.js in Resources */,
				889E7047287F6E50000AA927 /* Main.html in Resources */,
				889E7054287F6E51000AA927 /* Assets.xcassets in Resources */,
				889E704B287F6E50000AA927 /* Style.css in Resources */,
			);
			runOnlyForDeploymentPostprocessing = 0;
		};
		889E7059287F6E51000AA927 /* Resources */ = {
			isa = PBXResourcesBuildPhase;
			buildActionMask = 2147483647;
			files = (
			);
			runOnlyForDeploymentPostprocessing = 0;
		};
		889E7063287F6E51000AA927 /* Resources */ = {
			isa = PBXResourcesBuildPhase;
			buildActionMask = 2147483647;
			files = (
			);
			runOnlyForDeploymentPostprocessing = 0;
		};
		889E706F287F6E51000AA927 /* Resources */ = {
			isa = PBXResourcesBuildPhase;
			buildActionMask = 2147483647;
			files = (
				889E7080287F6E51000AA927 /* background.js in Resources */,
				889E7086287F6E51000AA927 /* popup.css in Resources */,
				889E7084287F6E51000AA927 /* popup.html in Resources */,
				889E707C287F6E51000AA927 /* images in Resources */,
				889E707E287F6E51000AA927 /* manifest.json in Resources */,
				889E707A287F6E51000AA927 /* _locales in Resources */,
				889E7082287F6E51000AA927 /* content.js in Resources */,
				889E7088287F6E51000AA927 /* popup.js in Resources */,
			);
			runOnlyForDeploymentPostprocessing = 0;
		};
/* End PBXResourcesBuildPhase section */

/* Begin PBXSourcesBuildPhase section */
		889E703B287F6E50000AA927 /* Sources */ = {
			isa = PBXSourcesBuildPhase;
			buildActionMask = 2147483647;
			files = (
				889E704F287F6E50000AA927 /* ViewController.swift in Sources */,
				889E7043287F6E50000AA927 /* AppDelegate.swift in Sources */,
			);
			runOnlyForDeploymentPostprocessing = 0;
		};
		889E7057287F6E51000AA927 /* Sources */ = {
			isa = PBXSourcesBuildPhase;
			buildActionMask = 2147483647;
			files = (
				889E7060287F6E51000AA927 /* KeyperTests.swift in Sources */,
			);
			runOnlyForDeploymentPostprocessing = 0;
		};
		889E7061287F6E51000AA927 /* Sources */ = {
			isa = PBXSourcesBuildPhase;
			buildActionMask = 2147483647;
			files = (
				889E706C287F6E51000AA927 /* KeyperUITestsLaunchTests.swift in Sources */,
				889E706A287F6E51000AA927 /* KeyperUITests.swift in Sources */,
			);
			runOnlyForDeploymentPostprocessing = 0;
		};
		889E706D287F6E51000AA927 /* Sources */ = {
			isa = PBXSourcesBuildPhase;
			buildActionMask = 2147483647;
			files = (
				889E7077287F6E51000AA927 /* SafariWebExtensionHandler.swift in Sources */,
			);
			runOnlyForDeploymentPostprocessing = 0;
		};
/* End PBXSourcesBuildPhase section */

/* Begin PBXTargetDependency section */
		889E705D287F6E51000AA927 /* PBXTargetDependency */ = {
			isa = PBXTargetDependency;
			target = 889E703E287F6E50000AA927 /* Keyper */;
			targetProxy = 889E705C287F6E51000AA927 /* PBXContainerItemProxy */;
		};
		889E7067287F6E51000AA927 /* PBXTargetDependency */ = {
			isa = PBXTargetDependency;
			target = 889E703E287F6E50000AA927 /* Keyper */;
			targetProxy = 889E7066287F6E51000AA927 /* PBXContainerItemProxy */;
		};
		889E7074287F6E51000AA927 /* PBXTargetDependency */ = {
			isa = PBXTargetDependency;
			target = 889E7070287F6E51000AA927 /* Keyper Extension */;
			targetProxy = 889E7073287F6E51000AA927 /* PBXContainerItemProxy */;
		};
/* End PBXTargetDependency section */

/* Begin PBXVariantGroup section */
		889E7045287F6E50000AA927 /* Main.html */ = {
			isa = PBXVariantGroup;
			children = (
				889E7046287F6E50000AA927 /* Base */,
			);
			name = Main.html;
			sourceTree = "<group>";
		};
		889E7050287F6E50000AA927 /* Main.storyboard */ = {
			isa = PBXVariantGroup;
			children = (
				889E7051287F6E50000AA927 /* Base */,
			);
			name = Main.storyboard;
			sourceTree = "<group>";
		};
/* End PBXVariantGroup section */

/* Begin XCBuildConfiguration section */
		889E708B287F6E51000AA927 /* Debug */ = {
			isa = XCBuildConfiguration;
			buildSettings = {
				ALWAYS_SEARCH_USER_PATHS = NO;
				CLANG_ANALYZER_NONNULL = YES;
				CLANG_ANALYZER_NUMBER_OBJECT_CONVERSION = YES_AGGRESSIVE;
				CLANG_CXX_LANGUAGE_STANDARD = "gnu++17";
				CLANG_ENABLE_MODULES = YES;
				CLANG_ENABLE_OBJC_ARC = YES;
				CLANG_ENABLE_OBJC_WEAK = YES;
				CLANG_WARN_BLOCK_CAPTURE_AUTORELEASING = YES;
				CLANG_WARN_BOOL_CONVERSION = YES;
				CLANG_WARN_COMMA = YES;
				CLANG_WARN_CONSTANT_CONVERSION = YES;
				CLANG_WARN_DEPRECATED_OBJC_IMPLEMENTATIONS = YES;
				CLANG_WARN_DIRECT_OBJC_ISA_USAGE = YES_ERROR;
				CLANG_WARN_DOCUMENTATION_COMMENTS = YES;
				CLANG_WARN_EMPTY_BODY = YES;
				CLANG_WARN_ENUM_CONVERSION = YES;
				CLANG_WARN_INFINITE_RECURSION = YES;
				CLANG_WARN_INT_CONVERSION = YES;
				CLANG_WARN_NON_LITERAL_NULL_CONVERSION = YES;
				CLANG_WARN_OBJC_IMPLICIT_RETAIN_SELF = YES;
				CLANG_WARN_OBJC_LITERAL_CONVERSION = YES;
				CLANG_WARN_OBJC_ROOT_CLASS = YES_ERROR;
				CLANG_WARN_QUOTED_INCLUDE_IN_FRAMEWORK_HEADER = YES;
				CLANG_WARN_RANGE_LOOP_ANALYSIS = YES;
				CLANG_WARN_STRICT_PROTOTYPES = YES;
				CLANG_WARN_SUSPICIOUS_MOVE = YES;
				CLANG_WARN_UNGUARDED_AVAILABILITY = YES_AGGRESSIVE;
				CLANG_WARN_UNREACHABLE_CODE = YES;
				CLANG_WARN__DUPLICATE_METHOD_MATCH = YES;
				COPY_PHASE_STRIP = NO;
				DEBUG_INFORMATION_FORMAT = dwarf;
				ENABLE_STRICT_OBJC_MSGSEND = YES;
				ENABLE_TESTABILITY = YES;
				GCC_C_LANGUAGE_STANDARD = gnu11;
				GCC_DYNAMIC_NO_PIC = NO;
				GCC_NO_COMMON_BLOCKS = YES;
				GCC_OPTIMIZATION_LEVEL = 0;
				GCC_PREPROCESSOR_DEFINITIONS = (
					"DEBUG=1",
					"$(inherited)",
				);
				GCC_WARN_64_TO_32_BIT_CONVERSION = YES;
				GCC_WARN_ABOUT_RETURN_TYPE = YES_ERROR;
				GCC_WARN_UNDECLARED_SELECTOR = YES;
				GCC_WARN_UNINITIALIZED_AUTOS = YES_AGGRESSIVE;
				GCC_WARN_UNUSED_FUNCTION = YES;
				GCC_WARN_UNUSED_VARIABLE = YES;
				MACOSX_DEPLOYMENT_TARGET = 12.3;
				MTL_ENABLE_DEBUG_INFO = INCLUDE_SOURCE;
				MTL_FAST_MATH = YES;
				ONLY_ACTIVE_ARCH = YES;
				SDKROOT = macosx;
				SWIFT_ACTIVE_COMPILATION_CONDITIONS = DEBUG;
				SWIFT_OPTIMIZATION_LEVEL = "-Onone";
			};
			name = Debug;
		};
		889E708C287F6E51000AA927 /* Release */ = {
			isa = XCBuildConfiguration;
			buildSettings = {
				ALWAYS_SEARCH_USER_PATHS = NO;
				CLANG_ANALYZER_NONNULL = YES;
				CLANG_ANALYZER_NUMBER_OBJECT_CONVERSION = YES_AGGRESSIVE;
				CLANG_CXX_LANGUAGE_STANDARD = "gnu++17";
				CLANG_ENABLE_MODULES = YES;
				CLANG_ENABLE_OBJC_ARC = YES;
				CLANG_ENABLE_OBJC_WEAK = YES;
				CLANG_WARN_BLOCK_CAPTURE_AUTORELEASING = YES;
				CLANG_WARN_BOOL_CONVERSION = YES;
				CLANG_WARN_COMMA = YES;
				CLANG_WARN_CONSTANT_CONVERSION = YES;
				CLANG_WARN_DEPRECATED_OBJC_IMPLEMENTATIONS = YES;
				CLANG_WARN_DIRECT_OBJC_ISA_USAGE = YES_ERROR;
				CLANG_WARN_DOCUMENTATION_COMMENTS = YES;
				CLANG_WARN_EMPTY_BODY = YES;
				CLANG_WARN_ENUM_CONVERSION = YES;
				CLANG_WARN_INFINITE_RECURSION = YES;
				CLANG_WARN_INT_CONVERSION = YES;
				CLANG_WARN_NON_LITERAL_NULL_CONVERSION = YES;
				CLANG_WARN_OBJC_IMPLICIT_RETAIN_SELF = YES;
				CLANG_WARN_OBJC_LITERAL_CONVERSION = YES;
				CLANG_WARN_OBJC_ROOT_CLASS = YES_ERROR;
				CLANG_WARN_QUOTED_INCLUDE_IN_FRAMEWORK_HEADER = YES;
				CLANG_WARN_RANGE_LOOP_ANALYSIS = YES;
				CLANG_WARN_STRICT_PROTOTYPES = YES;
				CLANG_WARN_SUSPICIOUS_MOVE = YES;
				CLANG_WARN_UNGUARDED_AVAILABILITY = YES_AGGRESSIVE;
				CLANG_WARN_UNREACHABLE_CODE = YES;
				CLANG_WARN__DUPLICATE_METHOD_MATCH = YES;
				COPY_PHASE_STRIP = NO;
				DEBUG_INFORMATION_FORMAT = "dwarf-with-dsym";
				ENABLE_NS_ASSERTIONS = NO;
				ENABLE_STRICT_OBJC_MSGSEND = YES;
				GCC_C_LANGUAGE_STANDARD = gnu11;
				GCC_NO_COMMON_BLOCKS = YES;
				GCC_WARN_64_TO_32_BIT_CONVERSION = YES;
				GCC_WARN_ABOUT_RETURN_TYPE = YES_ERROR;
				GCC_WARN_UNDECLARED_SELECTOR = YES;
				GCC_WARN_UNINITIALIZED_AUTOS = YES_AGGRESSIVE;
				GCC_WARN_UNUSED_FUNCTION = YES;
				GCC_WARN_UNUSED_VARIABLE = YES;
				MACOSX_DEPLOYMENT_TARGET = 12.3;
				MTL_ENABLE_DEBUG_INFO = NO;
				MTL_FAST_MATH = YES;
				SDKROOT = macosx;
				SWIFT_COMPILATION_MODE = wholemodule;
				SWIFT_OPTIMIZATION_LEVEL = "-O";
			};
			name = Release;
		};
		889E708E287F6E51000AA927 /* Debug */ = {
			isa = XCBuildConfiguration;
			buildSettings = {
				CODE_SIGN_ENTITLEMENTS = "Keyper Extension/Keyper_Extension.entitlements";
				CODE_SIGN_STYLE = Automatic;
				CURRENT_PROJECT_VERSION = 1;
				DEVELOPMENT_TEAM = 2A3KQH39FL;
				ENABLE_HARDENED_RUNTIME = YES;
				GENERATE_INFOPLIST_FILE = YES;
				INFOPLIST_FILE = "Keyper Extension/Info.plist";
				INFOPLIST_KEY_CFBundleDisplayName = "Keyper Extension";
				INFOPLIST_KEY_NSHumanReadableCopyright = "";
				LD_RUNPATH_SEARCH_PATHS = (
					"$(inherited)",
					"@executable_path/../Frameworks",
					"@executable_path/../../../../Frameworks",
				);
				MACOSX_DEPLOYMENT_TARGET = 10.14;
				MARKETING_VERSION = 1.0;
				OTHER_LDFLAGS = (
					"-framework",
					SafariServices,
				);
				PRODUCT_BUNDLE_IDENTIFIER = me.rosalia.Keyper.Extension;
				PRODUCT_NAME = "$(TARGET_NAME)";
				SKIP_INSTALL = YES;
				SWIFT_EMIT_LOC_STRINGS = YES;
				SWIFT_VERSION = 5.0;
			};
			name = Debug;
		};
		889E708F287F6E51000AA927 /* Release */ = {
			isa = XCBuildConfiguration;
			buildSettings = {
				CODE_SIGN_ENTITLEMENTS = "Keyper Extension/Keyper_Extension.entitlements";
				CODE_SIGN_STYLE = Automatic;
				CURRENT_PROJECT_VERSION = 1;
				DEVELOPMENT_TEAM = 2A3KQH39FL;
				ENABLE_HARDENED_RUNTIME = YES;
				GENERATE_INFOPLIST_FILE = YES;
				INFOPLIST_FILE = "Keyper Extension/Info.plist";
				INFOPLIST_KEY_CFBundleDisplayName = "Keyper Extension";
				INFOPLIST_KEY_NSHumanReadableCopyright = "";
				LD_RUNPATH_SEARCH_PATHS = (
					"$(inherited)",
					"@executable_path/../Frameworks",
					"@executable_path/../../../../Frameworks",
				);
				MACOSX_DEPLOYMENT_TARGET = 10.14;
				MARKETING_VERSION = 1.0;
				OTHER_LDFLAGS = (
					"-framework",
					SafariServices,
				);
				PRODUCT_BUNDLE_IDENTIFIER = me.rosalia.Keyper.Extension;
				PRODUCT_NAME = "$(TARGET_NAME)";
				SKIP_INSTALL = YES;
				SWIFT_EMIT_LOC_STRINGS = YES;
				SWIFT_VERSION = 5.0;
			};
			name = Release;
		};
		889E7092287F6E51000AA927 /* Debug */ = {
			isa = XCBuildConfiguration;
			buildSettings = {
				ALWAYS_EMBED_SWIFT_STANDARD_LIBRARIES = YES;
				ASSETCATALOG_COMPILER_APPICON_NAME = AppIcon;
				ASSETCATALOG_COMPILER_GLOBAL_ACCENT_COLOR_NAME = AccentColor;
				CODE_SIGN_ENTITLEMENTS = Keyper/Keyper.entitlements;
				CODE_SIGN_STYLE = Automatic;
				COMBINE_HIDPI_IMAGES = YES;
				CURRENT_PROJECT_VERSION = 1;
				DEVELOPMENT_TEAM = 2A3KQH39FL;
				ENABLE_HARDENED_RUNTIME = YES;
				GENERATE_INFOPLIST_FILE = YES;
				INFOPLIST_KEY_CFBundleDisplayName = Keyper;
				INFOPLIST_KEY_NSHumanReadableCopyright = "";
				INFOPLIST_KEY_NSMainStoryboardFile = Main;
				INFOPLIST_KEY_NSPrincipalClass = NSApplication;
				LD_RUNPATH_SEARCH_PATHS = (
					"$(inherited)",
					"@executable_path/../Frameworks",
				);
				MACOSX_DEPLOYMENT_TARGET = 10.14;
				MARKETING_VERSION = 1.0;
				OTHER_LDFLAGS = (
					"-framework",
					SafariServices,
					"-framework",
					WebKit,
				);
				PRODUCT_BUNDLE_IDENTIFIER = me.rosalia.Keyper;
				PRODUCT_NAME = "$(TARGET_NAME)";
				SWIFT_EMIT_LOC_STRINGS = YES;
				SWIFT_VERSION = 5.0;
			};
			name = Debug;
		};
		889E7093287F6E51000AA927 /* Release */ = {
			isa = XCBuildConfiguration;
			buildSettings = {
				ALWAYS_EMBED_SWIFT_STANDARD_LIBRARIES = YES;
				ASSETCATALOG_COMPILER_APPICON_NAME = AppIcon;
				ASSETCATALOG_COMPILER_GLOBAL_ACCENT_COLOR_NAME = AccentColor;
				CODE_SIGN_ENTITLEMENTS = Keyper/Keyper.entitlements;
				CODE_SIGN_STYLE = Automatic;
				COMBINE_HIDPI_IMAGES = YES;
				CURRENT_PROJECT_VERSION = 1;
				DEVELOPMENT_TEAM = 2A3KQH39FL;
				ENABLE_HARDENED_RUNTIME = YES;
				GENERATE_INFOPLIST_FILE = YES;
				INFOPLIST_KEY_CFBundleDisplayName = Keyper;
				INFOPLIST_KEY_NSHumanReadableCopyright = "";
				INFOPLIST_KEY_NSMainStoryboardFile = Main;
				INFOPLIST_KEY_NSPrincipalClass = NSApplication;
				LD_RUNPATH_SEARCH_PATHS = (
					"$(inherited)",
					"@executable_path/../Frameworks",
				);
				MACOSX_DEPLOYMENT_TARGET = 10.14;
				MARKETING_VERSION = 1.0;
				OTHER_LDFLAGS = (
					"-framework",
					SafariServices,
					"-framework",
					WebKit,
				);
				PRODUCT_BUNDLE_IDENTIFIER = me.rosalia.Keyper;
				PRODUCT_NAME = "$(TARGET_NAME)";
				SWIFT_EMIT_LOC_STRINGS = YES;
				SWIFT_VERSION = 5.0;
			};
			name = Release;
		};
		889E7095287F6E51000AA927 /* Debug */ = {
			isa = XCBuildConfiguration;
			buildSettings = {
				ALWAYS_EMBED_SWIFT_STANDARD_LIBRARIES = YES;
				BUNDLE_LOADER = "$(TEST_HOST)";
				CODE_SIGN_STYLE = Automatic;
				CURRENT_PROJECT_VERSION = 1;
				DEVELOPMENT_TEAM = 2A3KQH39FL;
				GENERATE_INFOPLIST_FILE = YES;
				MACOSX_DEPLOYMENT_TARGET = 10.14;
				MARKETING_VERSION = 1.0;
				PRODUCT_BUNDLE_IDENTIFIER = me.rosalia.KeyperTests;
				PRODUCT_NAME = "$(TARGET_NAME)";
				SWIFT_EMIT_LOC_STRINGS = NO;
				SWIFT_VERSION = 5.0;
				TEST_HOST = "$(BUILT_PRODUCTS_DIR)/Keyper.app/Contents/MacOS/Keyper";
			};
			name = Debug;
		};
		889E7096287F6E51000AA927 /* Release */ = {
			isa = XCBuildConfiguration;
			buildSettings = {
				ALWAYS_EMBED_SWIFT_STANDARD_LIBRARIES = YES;
				BUNDLE_LOADER = "$(TEST_HOST)";
				CODE_SIGN_STYLE = Automatic;
				CURRENT_PROJECT_VERSION = 1;
				DEVELOPMENT_TEAM = 2A3KQH39FL;
				GENERATE_INFOPLIST_FILE = YES;
				MACOSX_DEPLOYMENT_TARGET = 10.14;
				MARKETING_VERSION = 1.0;
				PRODUCT_BUNDLE_IDENTIFIER = me.rosalia.KeyperTests;
				PRODUCT_NAME = "$(TARGET_NAME)";
				SWIFT_EMIT_LOC_STRINGS = NO;
				SWIFT_VERSION = 5.0;
				TEST_HOST = "$(BUILT_PRODUCTS_DIR)/Keyper.app/Contents/MacOS/Keyper";
			};
			name = Release;
		};
		889E7098287F6E51000AA927 /* Debug */ = {
			isa = XCBuildConfiguration;
			buildSettings = {
				ALWAYS_EMBED_SWIFT_STANDARD_LIBRARIES = YES;
				CODE_SIGN_STYLE = Automatic;
				CURRENT_PROJECT_VERSION = 1;
				DEVELOPMENT_TEAM = 2A3KQH39FL;
				GENERATE_INFOPLIST_FILE = YES;
				MARKETING_VERSION = 1.0;
				PRODUCT_BUNDLE_IDENTIFIER = me.rosalia.KeyperUITests;
				PRODUCT_NAME = "$(TARGET_NAME)";
				SWIFT_EMIT_LOC_STRINGS = NO;
				SWIFT_VERSION = 5.0;
				TEST_TARGET_NAME = Keyper;
			};
			name = Debug;
		};
		889E7099287F6E51000AA927 /* Release */ = {
			isa = XCBuildConfiguration;
			buildSettings = {
				ALWAYS_EMBED_SWIFT_STANDARD_LIBRARIES = YES;
				CODE_SIGN_STYLE = Automatic;
				CURRENT_PROJECT_VERSION = 1;
				DEVELOPMENT_TEAM = 2A3KQH39FL;
				GENERATE_INFOPLIST_FILE = YES;
				MARKETING_VERSION = 1.0;
				PRODUCT_BUNDLE_IDENTIFIER = me.rosalia.KeyperUITests;
				PRODUCT_NAME = "$(TARGET_NAME)";
				SWIFT_EMIT_LOC_STRINGS = NO;
				SWIFT_VERSION = 5.0;
				TEST_TARGET_NAME = Keyper;
			};
			name = Release;
		};
/* End XCBuildConfiguration section */

/* Begin XCConfigurationList section */
		889E703A287F6E50000AA927 /* Build configuration list for PBXProject "Keyper" */ = {
			isa = XCConfigurationList;
			buildConfigurations = (
				889E708B287F6E51000AA927 /* Debug */,
				889E708C287F6E51000AA927 /* Release */,
			);
			defaultConfigurationIsVisible = 0;
			defaultConfigurationName = Release;
		};
		889E708D287F6E51000AA927 /* Build configuration list for PBXNativeTarget "Keyper Extension" */ = {
			isa = XCConfigurationList;
			buildConfigurations = (
				889E708E287F6E51000AA927 /* Debug */,
				889E708F287F6E51000AA927 /* Release */,
			);
			defaultConfigurationIsVisible = 0;
			defaultConfigurationName = Release;
		};
		889E7091287F6E51000AA927 /* Build configuration list for PBXNativeTarget "Keyper" */ = {
			isa = XCConfigurationList;
			buildConfigurations = (
				889E7092287F6E51000AA927 /* Debug */,
				889E7093287F6E51000AA927 /* Release */,
			);
			defaultConfigurationIsVisible = 0;
			defaultConfigurationName = Release;
		};
		889E7094287F6E51000AA927 /* Build configuration list for PBXNativeTarget "KeyperTests" */ = {
			isa = XCConfigurationList;
			buildConfigurations = (
				889E7095287F6E51000AA927 /* Debug */,
				889E7096287F6E51000AA927 /* Release */,
			);
			defaultConfigurationIsVisible = 0;
			defaultConfigurationName = Release;
		};
		889E7097287F6E51000AA927 /* Build configuration list for PBXNativeTarget "KeyperUITests" */ = {
			isa = XCConfigurationList;
			buildConfigurations = (
				889E7098287F6E51000AA927 /* Debug */,
				889E7099287F6E51000AA927 /* Release */,
			);
			defaultConfigurationIsVisible = 0;
			defaultConfigurationName = Release;
		};
/* End XCConfigurationList section */
	};
	rootObject = 889E7037287F6E50000AA927 /* Project object */;
}
